
Microsoft Visual Studio Solution File, Format Version 12.00
# Visual Studio 15
VisualStudioVersion = 15.0.28307.1259
MinimumVisualStudioVersion = 10.0.40219.1
Project("{8BC9CEB8-8B4A-11D0-8D11-00A0C91BC942}") = "EX1", "EX1\EX1.vcxproj", "{DD1FCCDC-BEA8-4A41-BB18-CF54993BB40A}"
EndProject
Global
	GlobalSection(SolutionConfigurationPlatforms) = preSolution
		Debug|x64 = Debug|x64
		Debug|x86 = Debug|x86
		Release|x64 = Release|x64
		Release|x86 = Release|x86
	EndGlobalSection
	GlobalSection(ProjectConfigurationPlatforms) = postSolution
		{DD1FCCDC-BEA8-4A41-BB18-CF54993BB40A}.Debug|x64.ActiveCfg = Debug|x64
		{DD1FCCDC-BEA8-4A41-BB18-CF54993BB40A}.Debug|x64.Build.0 = Debug|x64
		{DD1FCCDC-BEA8-4A41-BB18-CF54993BB40A}.Debug|x86.ActiveCfg = Debug|Win32
		{DD1FCCDC-BEA8-4A41-BB18-CF54993BB40A}.Debug|x86.Build.0 = Debug|Win32
		{DD1FCCDC-BEA8-4A41-BB18-CF54993BB40A}.Release|x64.ActiveCfg = Release|x64
		{DD1FCCDC-BEA8-4A41-BB18-CF54993BB40A}.Release|x64.Build.0 = Release|x64
		{DD1FCCDC-BEA8-4A41-BB18-CF54993BB40A}.Release|x86.ActiveCfg = Release|Win32
		{DD1FCCDC-BEA8-4A41-BB18-CF54993BB40A}.Release|x86.Build.0 = Release|Win32
	EndGlobalSection
	GlobalSection(SolutionProperties) = preSolution
		HideSolutionNode = FALSE
	EndGlobalSection
	GlobalSection(ExtensibilityGlobals) = postSolution
		SolutionGuid = {DF14CC5F-D33F-49CC-9749-CD0B652EE097}
	EndGlobalSection
EndGlobal
