
Microsoft Visual Studio Solution File, Format Version 12.00
# Visual Studio 15
VisualStudioVersion = 15.0.28307.1259
MinimumVisualStudioVersion = 10.0.40219.1
Project("{8BC9CEB8-8B4A-11D0-8D11-00A0C91BC942}") = "CLASS_3", "CLASS_3\CLASS_3.vcxproj", "{62AB3E91-3B9A-434C-9E88-7518D760D94D}"
EndProject
Global
	GlobalSection(SolutionConfigurationPlatforms) = preSolution
		Debug|x64 = Debug|x64
		Debug|x86 = Debug|x86
		Release|x64 = Release|x64
		Release|x86 = Release|x86
	EndGlobalSection
	GlobalSection(ProjectConfigurationPlatforms) = postSolution
		{62AB3E91-3B9A-434C-9E88-7518D760D94D}.Debug|x64.ActiveCfg = Debug|x64
		{62AB3E91-3B9A-434C-9E88-7518D760D94D}.Debug|x64.Build.0 = Debug|x64
		{62AB3E91-3B9A-434C-9E88-7518D760D94D}.Debug|x86.ActiveCfg = Debug|Win32
		{62AB3E91-3B9A-434C-9E88-7518D760D94D}.Debug|x86.Build.0 = Debug|Win32
		{62AB3E91-3B9A-434C-9E88-7518D760D94D}.Release|x64.ActiveCfg = Release|x64
		{62AB3E91-3B9A-434C-9E88-7518D760D94D}.Release|x64.Build.0 = Release|x64
		{62AB3E91-3B9A-434C-9E88-7518D760D94D}.Release|x86.ActiveCfg = Release|Win32
		{62AB3E91-3B9A-434C-9E88-7518D760D94D}.Release|x86.Build.0 = Release|Win32
	EndGlobalSection
	GlobalSection(SolutionProperties) = preSolution
		HideSolutionNode = FALSE
	EndGlobalSection
	GlobalSection(ExtensibilityGlobals) = postSolution
		SolutionGuid = {5E9138C0-902E-49A5-A7AB-24D62B2391FD}
	EndGlobalSection
EndGlobal
