
Microsoft Visual Studio Solution File, Format Version 12.00
# Visual Studio 15
VisualStudioVersion = 15.0.28307.1259
MinimumVisualStudioVersion = 10.0.40219.1
Project("{8BC9CEB8-8B4A-11D0-8D11-00A0C91BC942}") = "EX3", "EX3\EX3.vcxproj", "{803FE1BE-17AB-4732-A2C7-AE36DB41ADB3}"
EndProject
Global
	GlobalSection(SolutionConfigurationPlatforms) = preSolution
		Debug|x64 = Debug|x64
		Debug|x86 = Debug|x86
		Release|x64 = Release|x64
		Release|x86 = Release|x86
	EndGlobalSection
	GlobalSection(ProjectConfigurationPlatforms) = postSolution
		{803FE1BE-17AB-4732-A2C7-AE36DB41ADB3}.Debug|x64.ActiveCfg = Debug|x64
		{803FE1BE-17AB-4732-A2C7-AE36DB41ADB3}.Debug|x64.Build.0 = Debug|x64
		{803FE1BE-17AB-4732-A2C7-AE36DB41ADB3}.Debug|x86.ActiveCfg = Debug|Win32
		{803FE1BE-17AB-4732-A2C7-AE36DB41ADB3}.Debug|x86.Build.0 = Debug|Win32
		{803FE1BE-17AB-4732-A2C7-AE36DB41ADB3}.Release|x64.ActiveCfg = Release|x64
		{803FE1BE-17AB-4732-A2C7-AE36DB41ADB3}.Release|x64.Build.0 = Release|x64
		{803FE1BE-17AB-4732-A2C7-AE36DB41ADB3}.Release|x86.ActiveCfg = Release|Win32
		{803FE1BE-17AB-4732-A2C7-AE36DB41ADB3}.Release|x86.Build.0 = Release|Win32
	EndGlobalSection
	GlobalSection(SolutionProperties) = preSolution
		HideSolutionNode = FALSE
	EndGlobalSection
	GlobalSection(ExtensibilityGlobals) = postSolution
		SolutionGuid = {E868A0E8-75F2-4EDC-9CB1-E095E3D774EB}
	EndGlobalSection
EndGlobal
